Microsoft Visual Studio Solution File, Format Version 12.00
# Visual Studio 2012
Project("{FAE04EC0-301F-11D3-BF4B-00C04F79EFBC}") = "Template", "Template.csproj", "{05DD87DB-DE1F-41CB-9013-BDE650BDF0DA}"
EndProject
Global
	GlobalSection(SolutionConfigurationPlatforms) = preSolution
	Debug|Any CPU = Debug|Any CPU
	ExportDebug|Any CPU = ExportDebug|Any CPU
	ExportRelease|Any CPU = ExportRelease|Any CPU
	EndGlobalSection
	GlobalSection(ProjectConfigurationPlatforms) = postSolution
		{05DD87DB-DE1F-41CB-9013-BDE650BDF0DA}.Debug|Any CPU.ActiveCfg = Debug|Any CPU
		{05DD87DB-DE1F-41CB-9013-BDE650BDF0DA}.Debug|Any CPU.Build.0 = Debug|Any CPU
		{05DD87DB-DE1F-41CB-9013-BDE650BDF0DA}.ExportDebug|Any CPU.ActiveCfg = ExportDebug|Any CPU
		{05DD87DB-DE1F-41CB-9013-BDE650BDF0DA}.ExportDebug|Any CPU.Build.0 = ExportDebug|Any CPU
		{05DD87DB-DE1F-41CB-9013-BDE650BDF0DA}.ExportRelease|Any CPU.ActiveCfg = ExportRelease|Any CPU
		{05DD87DB-DE1F-41CB-9013-BDE650BDF0DA}.ExportRelease|Any CPU.Build.0 = ExportRelease|Any CPU
	EndGlobalSection
EndGlobal
