
Microsoft Visual Studio Solution File, Format Version 12.00
# Visual Studio Version 17
VisualStudioVersion = 17.11.35219.272
MinimumVisualStudioVersion = 10.0.40219.1
Project("{9A19103F-16F7-4668-BE54-9A1E7A4F7556}") = "MySourceGenerator", "MySourceGenerator.csproj", "{8DC7B967-1D70-4859-A250-5B7112A2F51B}"
EndProject
Global
	GlobalSection(SolutionConfigurationPlatforms) = preSolution
		Debug|Any CPU = Debug|Any CPU
		Release|Any CPU = Release|Any CPU
	EndGlobalSection
	GlobalSection(ProjectConfigurationPlatforms) = postSolution
		{8DC7B967-1D70-4859-A250-5B7112A2F51B}.Debug|Any CPU.ActiveCfg = Debug|Any CPU
		{8DC7B967-1D70-4859-A250-5B7112A2F51B}.Debug|Any CPU.Build.0 = Debug|Any CPU
		{8DC7B967-1D70-4859-A250-5B7112A2F51B}.Release|Any CPU.ActiveCfg = Release|Any CPU
		{8DC7B967-1D70-4859-A250-5B7112A2F51B}.Release|Any CPU.Build.0 = Release|Any CPU
	EndGlobalSection
	GlobalSection(SolutionProperties) = preSolution
		HideSolutionNode = FALSE
	EndGlobalSection
	GlobalSection(ExtensibilityGlobals) = postSolution
		SolutionGuid = {499373B5-196F-46BA-A3BF-A958282AED3E}
	EndGlobalSection
EndGlobal
