
Microsoft Visual Studio Solution File, Format Version 12.00
# Visual Studio Version 17
VisualStudioVersion = 17.5.002.0
MinimumVisualStudioVersion = 10.0.40219.1
Project("{9A19103F-16F7-4668-BE54-9A1E7A4F7556}") = "Template", "Template.csproj", "{1AB0F5B3-51A3-4A89-A894-96547F6B1269}"
EndProject
Project("{2150E333-8FDC-42A3-9474-1A3956D46DE8}") = "Template (1)", "Template", "{74C023A9-8855-41D3-9B79-729C34A22601}"
EndProject
Project("{9A19103F-16F7-4668-BE54-9A1E7A4F7556}") = "GodotUtils", "Template\GodotUtils\GodotUtils.csproj", "{C1784298-4DB2-4E68-9FCF-EDD73584438D}"
EndProject
Global
	GlobalSection(SolutionConfigurationPlatforms) = preSolution
		Debug|Any CPU = Debug|Any CPU
		Release|Any CPU = Release|Any CPU
	EndGlobalSection
	GlobalSection(ProjectConfigurationPlatforms) = postSolution
		{1AB0F5B3-51A3-4A89-A894-96547F6B1269}.Debug|Any CPU.ActiveCfg = Debug|Any CPU
		{1AB0F5B3-51A3-4A89-A894-96547F6B1269}.Debug|Any CPU.Build.0 = Debug|Any CPU
		{1AB0F5B3-51A3-4A89-A894-96547F6B1269}.Release|Any CPU.ActiveCfg = Release|Any CPU
		{1AB0F5B3-51A3-4A89-A894-96547F6B1269}.Release|Any CPU.Build.0 = Release|Any CPU
		{C1784298-4DB2-4E68-9FCF-EDD73584438D}.Debug|Any CPU.ActiveCfg = Debug|Any CPU
		{C1784298-4DB2-4E68-9FCF-EDD73584438D}.Debug|Any CPU.Build.0 = Debug|Any CPU
		{C1784298-4DB2-4E68-9FCF-EDD73584438D}.Release|Any CPU.ActiveCfg = Release|Any CPU
		{C1784298-4DB2-4E68-9FCF-EDD73584438D}.Release|Any CPU.Build.0 = Release|Any CPU
	EndGlobalSection
	GlobalSection(SolutionProperties) = preSolution
		HideSolutionNode = FALSE
	EndGlobalSection
	GlobalSection(NestedProjects) = preSolution
		{C1784298-4DB2-4E68-9FCF-EDD73584438D} = {74C023A9-8855-41D3-9B79-729C34A22601}
	EndGlobalSection
	GlobalSection(ExtensibilityGlobals) = postSolution
		SolutionGuid = {9B282D75-9F69-4F5B-954F-9503AE5FCF2D}
	EndGlobalSection
EndGlobal
